
Microsoft Visual Studio Solution File, Format Version 12.00
# Visual Studio Version 16
VisualStudioVersion = 16.0.31424.327
MinimumVisualStudioVersion = 10.0.40219.1
Project("{9A19103F-16F7-4668-BE54-9A1E7A4F7556}") = "Code", "Code\Code.csproj", "{7D2C3FDF-DED0-4202-A0C8-45B01BCB013F}"
EndProject
Project("{9A19103F-16F7-4668-BE54-9A1E7A4F7556}") = "PicTestLib", "PicTestLib\PicTestLib.csproj", "{79F5EAA1-5786-401B-A3FD-1783BFB5166A}"
EndProject
Project("{9A19103F-16F7-4668-BE54-9A1E7A4F7556}") = "CalculatorLib.Tests", "CalculatorLib.Tests\CalculatorLib.Tests.csproj", "{9086F6C6-2118-4FA9-9FC5-7D0BEBDD726F}"
EndProject
Project("{9A19103F-16F7-4668-BE54-9A1E7A4F7556}") = "PicTestRunner", "PicTestRunner\PicTestRunner.csproj", "{0CCD3FB4-67C4-458D-A387-CBB6CB9D10FE}"
EndProject
Project("{FAE04EC0-301F-11D3-BF4B-00C04F79EFBC}") = "ObserverPattern", "ObserverPattern\ObserverPattern.csproj", "{B99878CD-FE67-4CEF-9CE9-3774251F31EE}"
EndProject
Project("{FAE04EC0-301F-11D3-BF4B-00C04F79EFBC}") = "ConsoleApp1", "ConsoleApp1\ConsoleApp1.csproj", "{8D0544C7-9B43-4690-BFF7-04FCEE0FB56E}"
EndProject
Global
	GlobalSection(SolutionConfigurationPlatforms) = preSolution
		Debug|Any CPU = Debug|Any CPU
		Release|Any CPU = Release|Any CPU
	EndGlobalSection
	GlobalSection(ProjectConfigurationPlatforms) = postSolution
		{7D2C3FDF-DED0-4202-A0C8-45B01BCB013F}.Debug|Any CPU.ActiveCfg = Debug|Any CPU
		{7D2C3FDF-DED0-4202-A0C8-45B01BCB013F}.Debug|Any CPU.Build.0 = Debug|Any CPU
		{7D2C3FDF-DED0-4202-A0C8-45B01BCB013F}.Release|Any CPU.ActiveCfg = Release|Any CPU
		{7D2C3FDF-DED0-4202-A0C8-45B01BCB013F}.Release|Any CPU.Build.0 = Release|Any CPU
		{79F5EAA1-5786-401B-A3FD-1783BFB5166A}.Debug|Any CPU.ActiveCfg = Debug|Any CPU
		{79F5EAA1-5786-401B-A3FD-1783BFB5166A}.Debug|Any CPU.Build.0 = Debug|Any CPU
		{79F5EAA1-5786-401B-A3FD-1783BFB5166A}.Release|Any CPU.ActiveCfg = Release|Any CPU
		{79F5EAA1-5786-401B-A3FD-1783BFB5166A}.Release|Any CPU.Build.0 = Release|Any CPU
		{9086F6C6-2118-4FA9-9FC5-7D0BEBDD726F}.Debug|Any CPU.ActiveCfg = Debug|Any CPU
		{9086F6C6-2118-4FA9-9FC5-7D0BEBDD726F}.Debug|Any CPU.Build.0 = Debug|Any CPU
		{9086F6C6-2118-4FA9-9FC5-7D0BEBDD726F}.Release|Any CPU.ActiveCfg = Release|Any CPU
		{9086F6C6-2118-4FA9-9FC5-7D0BEBDD726F}.Release|Any CPU.Build.0 = Release|Any CPU
		{0CCD3FB4-67C4-458D-A387-CBB6CB9D10FE}.Debug|Any CPU.ActiveCfg = Debug|Any CPU
		{0CCD3FB4-67C4-458D-A387-CBB6CB9D10FE}.Debug|Any CPU.Build.0 = Debug|Any CPU
		{0CCD3FB4-67C4-458D-A387-CBB6CB9D10FE}.Release|Any CPU.ActiveCfg = Release|Any CPU
		{0CCD3FB4-67C4-458D-A387-CBB6CB9D10FE}.Release|Any CPU.Build.0 = Release|Any CPU
		{B99878CD-FE67-4CEF-9CE9-3774251F31EE}.Debug|Any CPU.ActiveCfg = Debug|Any CPU
		{B99878CD-FE67-4CEF-9CE9-3774251F31EE}.Debug|Any CPU.Build.0 = Debug|Any CPU
		{B99878CD-FE67-4CEF-9CE9-3774251F31EE}.Release|Any CPU.ActiveCfg = Release|Any CPU
		{B99878CD-FE67-4CEF-9CE9-3774251F31EE}.Release|Any CPU.Build.0 = Release|Any CPU
		{8D0544C7-9B43-4690-BFF7-04FCEE0FB56E}.Debug|Any CPU.ActiveCfg = Debug|Any CPU
		{8D0544C7-9B43-4690-BFF7-04FCEE0FB56E}.Debug|Any CPU.Build.0 = Debug|Any CPU
		{8D0544C7-9B43-4690-BFF7-04FCEE0FB56E}.Release|Any CPU.ActiveCfg = Release|Any CPU
		{8D0544C7-9B43-4690-BFF7-04FCEE0FB56E}.Release|Any CPU.Build.0 = Release|Any CPU
	EndGlobalSection
	GlobalSection(SolutionProperties) = preSolution
		HideSolutionNode = FALSE
	EndGlobalSection
	GlobalSection(ExtensibilityGlobals) = postSolution
		SolutionGuid = {B8D22BD2-2C33-4175-AF97-85DFF41190A1}
	EndGlobalSection
EndGlobal
